{
  "name": "block-demos",
  "version": "1.0.0",
  "lockfileVersion": 1,
  "requires": true,
  "dependencies": {
    "node-webpipe": {
      "version": "0.0.3",
      "resolved": "https://registry.npmjs.org/node-webpipe/-/node-webpipe-0.0.3.tgz",
      "integrity": "sha1-/DVZb77F3K/PGD2YZzbg5G9gAE8="
    }
  }
}
